
Microsoft Visual Studio Solution File, Format Version 12.00
# Visual Studio Version 17
VisualStudioVersion = 17.8.34322.80
MinimumVisualStudioVersion = 10.0.40219.1
Project("{FAE04EC0-301F-11D3-BF4B-00C04F79EFBC}") = "IMDB.Api", "IMDB.Api\IMDB.Api.csproj", "{78D81EED-1872-4BAB-BA4F-38243733E9E7}"
EndProject
Project("{FAE04EC0-301F-11D3-BF4B-00C04F79EFBC}") = "IMDB.Application", "IMDB.Application\IMDB.Application.csproj", "{9CAAE49E-8D5D-4430-8272-A237907BCF42}"
EndProject
Project("{FAE04EC0-301F-11D3-BF4B-00C04F79EFBC}") = "IMDB.Contracts", "IMDB.Contracts\IMDB.Contracts.csproj", "{EE5890F8-F603-4A5C-A8A6-1060916A8F6C}"
EndProject
Global
	GlobalSection(SolutionConfigurationPlatforms) = preSolution
		Debug|Any CPU = Debug|Any CPU
		Release|Any CPU = Release|Any CPU
	EndGlobalSection
	GlobalSection(ProjectConfigurationPlatforms) = postSolution
		{78D81EED-1872-4BAB-BA4F-38243733E9E7}.Debug|Any CPU.ActiveCfg = Debug|Any CPU
		{78D81EED-1872-4BAB-BA4F-38243733E9E7}.Debug|Any CPU.Build.0 = Debug|Any CPU
		{78D81EED-1872-4BAB-BA4F-38243733E9E7}.Release|Any CPU.ActiveCfg = Release|Any CPU
		{78D81EED-1872-4BAB-BA4F-38243733E9E7}.Release|Any CPU.Build.0 = Release|Any CPU
		{9CAAE49E-8D5D-4430-8272-A237907BCF42}.Debug|Any CPU.ActiveCfg = Debug|Any CPU
		{9CAAE49E-8D5D-4430-8272-A237907BCF42}.Debug|Any CPU.Build.0 = Debug|Any CPU
		{9CAAE49E-8D5D-4430-8272-A237907BCF42}.Release|Any CPU.ActiveCfg = Release|Any CPU
		{9CAAE49E-8D5D-4430-8272-A237907BCF42}.Release|Any CPU.Build.0 = Release|Any CPU
		{EE5890F8-F603-4A5C-A8A6-1060916A8F6C}.Debug|Any CPU.ActiveCfg = Debug|Any CPU
		{EE5890F8-F603-4A5C-A8A6-1060916A8F6C}.Debug|Any CPU.Build.0 = Debug|Any CPU
		{EE5890F8-F603-4A5C-A8A6-1060916A8F6C}.Release|Any CPU.ActiveCfg = Release|Any CPU
		{EE5890F8-F603-4A5C-A8A6-1060916A8F6C}.Release|Any CPU.Build.0 = Release|Any CPU
	EndGlobalSection
	GlobalSection(SolutionProperties) = preSolution
		HideSolutionNode = FALSE
	EndGlobalSection
	GlobalSection(ExtensibilityGlobals) = postSolution
		SolutionGuid = {3EABE4D3-AAE2-43E3-A5AF-50581F9C3B01}
	EndGlobalSection
EndGlobal
